// !$*UTF8*$!
{
	archiveVersion = 1;
	classes = {
	};
	objectVersion = 56;
	objects = {

/* Begin PBXBuildFile section */
		1710DE1D2B90D4B0007739D4 /* AppDelegate.swift in Sources */ = {isa = PBXBuildFile; fileRef = 1710DE1C2B90D4B0007739D4 /* AppDelegate.swift */; };
		1710DE1F2B90D4B0007739D4 /* SceneDelegate.swift in Sources */ = {isa = PBXBuildFile; fileRef = 1710DE1E2B90D4B0007739D4 /* SceneDelegate.swift */; };
		1710DE212B90D4B0007739D4 /* MainViewController.swift in Sources */ = {isa = PBXBuildFile; fileRef = 1710DE202B90D4B0007739D4 /* MainViewController.swift */; };
		1710DE262B90D4B1007739D4 /* Assets.xcassets in Resources */ = {isa = PBXBuildFile; fileRef = 1710DE252B90D4B1007739D4 /* Assets.xcassets */; };
		1710DE292B90D4B1007739D4 /* LaunchScreen.storyboard in Resources */ = {isa = PBXBuildFile; fileRef = 1710DE272B90D4B1007739D4 /* LaunchScreen.storyboard */; };
		1710DE342B90D4B1007739D4 /* MechatronicsComponentsGuideTests.swift in Sources */ = {isa = PBXBuildFile; fileRef = 1710DE332B90D4B1007739D4 /* MechatronicsComponentsGuideTests.swift */; };
		1710DE3E2B90D4B1007739D4 /* MechatronicsComponentsGuideUITests.swift in Sources */ = {isa = PBXBuildFile; fileRef = 1710DE3D2B90D4B1007739D4 /* MechatronicsComponentsGuideUITests.swift */; };
		1710DE402B90D4B1007739D4 /* MechatronicsComponentsGuideUITestsLaunchTests.swift in Sources */ = {isa = PBXBuildFile; fileRef = 1710DE3F2B90D4B1007739D4 /* MechatronicsComponentsGuideUITestsLaunchTests.swift */; };
		1710DE522B90DBC9007739D4 /* MainView.swift in Sources */ = {isa = PBXBuildFile; fileRef = 1710DE512B90DBC9007739D4 /* MainView.swift */; };
		1710DE542B90EFCF007739D4 /* InfoViewController.swift in Sources */ = {isa = PBXBuildFile; fileRef = 1710DE532B90EFCF007739D4 /* InfoViewController.swift */; };
		1710DE582B90F3C8007739D4 /*  NetworkAlamofire.swift in Sources */ = {isa = PBXBuildFile; fileRef = 1710DE572B90F3C8007739D4 /*  NetworkAlamofire.swift */; };
		1710DE5B2B90F3E3007739D4 /* NetworkErrors.swift in Sources */ = {isa = PBXBuildFile; fileRef = 1710DE5A2B90F3E3007739D4 /* NetworkErrors.swift */; };
		1710DE5D2B910BD7007739D4 /* NetworkImageService.swift in Sources */ = {isa = PBXBuildFile; fileRef = 1710DE5C2B910BD7007739D4 /* NetworkImageService.swift */; };
		1710DE5F2B910EF5007739D4 /* InfoView.swift in Sources */ = {isa = PBXBuildFile; fileRef = 1710DE5E2B910EF5007739D4 /* InfoView.swift */; };
		1710DE622B91235B007739D4 /* ReferencesViewController.swift in Sources */ = {isa = PBXBuildFile; fileRef = 1710DE612B91235B007739D4 /* ReferencesViewController.swift */; };
		1710DE642B912482007739D4 /* ReferencesView.swift in Sources */ = {isa = PBXBuildFile; fileRef = 1710DE632B912482007739D4 /* ReferencesView.swift */; };
		1710DE682B91261A007739D4 /* DataForCells.swift in Sources */ = {isa = PBXBuildFile; fileRef = 1710DE672B91261A007739D4 /* DataForCells.swift */; };
		1710DE6A2B912718007739D4 /* CellConfig.swift in Sources */ = {isa = PBXBuildFile; fileRef = 1710DE692B912718007739D4 /* CellConfig.swift */; };
		1710DE6C2B91AD9F007739D4 /* GeneralViewController.swift in Sources */ = {isa = PBXBuildFile; fileRef = 1710DE6B2B91AD9F007739D4 /* GeneralViewController.swift */; };
		1710DE6E2B91B940007739D4 /* GeneralView.swift in Sources */ = {isa = PBXBuildFile; fileRef = 1710DE6D2B91B940007739D4 /* GeneralView.swift */; };
		1710DE702B91C986007739D4 /* DataForCollection .swift in Sources */ = {isa = PBXBuildFile; fileRef = 1710DE6F2B91C986007739D4 /* DataForCollection .swift */; };
		1710DE732B91E82F007739D4 /* abosanova.ttf in Resources */ = {isa = PBXBuildFile; fileRef = 1710DE722B91E82F007739D4 /* abosanova.ttf */; };
		1719A6862B92214900466821 /* ReferenceForVideo.swift in Sources */ = {isa = PBXBuildFile; fileRef = 1719A6852B92214900466821 /* ReferenceForVideo.swift */; };
		1719A6882B924C1200466821 /* CollectionCell.swift in Sources */ = {isa = PBXBuildFile; fileRef = 1719A6872B924C1200466821 /* CollectionCell.swift */; };
		1719A68C2B9255CD00466821 /* ProjectsViewController.swift in Sources */ = {isa = PBXBuildFile; fileRef = 1719A68B2B9255CD00466821 /* ProjectsViewController.swift */; };
		1719A68E2B9256F100466821 /* ProjectsView.swift in Sources */ = {isa = PBXBuildFile; fileRef = 1719A68D2B9256F100466821 /* ProjectsView.swift */; };
		1719A6912B93140D00466821 /* Alamofire in Frameworks */ = {isa = PBXBuildFile; productRef = 1719A6902B93140D00466821 /* Alamofire */; };
		1719A6932B9326D500466821 /* DataService.swift in Sources */ = {isa = PBXBuildFile; fileRef = 1719A6922B9326D500466821 /* DataService.swift */; };
		1719A6972B932CF200466821 /* WeatherResult.swift in Sources */ = {isa = PBXBuildFile; fileRef = 1719A6962B932CF200466821 /* WeatherResult.swift */; };
		1719A6992B93BC3100466821 /* data.json in Resources */ = {isa = PBXBuildFile; fileRef = 1719A6982B93BC3100466821 /* data.json */; };
		1719A69B2B93BCBE00466821 /* TestsViewController.swift in Sources */ = {isa = PBXBuildFile; fileRef = 1719A69A2B93BCBE00466821 /* TestsViewController.swift */; };
		1719A69F2B93BD1100466821 /* TestsView.swift in Sources */ = {isa = PBXBuildFile; fileRef = 1719A69E2B93BD1100466821 /* TestsView.swift */; };
		1719A6A12B93C1C100466821 /* JSONParcing.swift in Sources */ = {isa = PBXBuildFile; fileRef = 1719A6A02B93C1C100466821 /* JSONParcing.swift */; };
		175DDCA62B94B14E003C3C0D /* Answers.swift in Sources */ = {isa = PBXBuildFile; fileRef = 175DDCA52B94B14E003C3C0D /* Answers.swift */; };
/* End PBXBuildFile section */

/* Begin PBXContainerItemProxy section */
		1710DE302B90D4B1007739D4 /* PBXContainerItemProxy */ = {
			isa = PBXContainerItemProxy;
			containerPortal = 1710DE112B90D4B0007739D4 /* Project object */;
			proxyType = 1;
			remoteGlobalIDString = 1710DE182B90D4B0007739D4;
			remoteInfo = MechatronicsComponentsGuide;
		};
		1710DE3A2B90D4B1007739D4 /* PBXContainerItemProxy */ = {
			isa = PBXContainerItemProxy;
			containerPortal = 1710DE112B90D4B0007739D4 /* Project object */;
			proxyType = 1;
			remoteGlobalIDString = 1710DE182B90D4B0007739D4;
			remoteInfo = MechatronicsComponentsGuide;
		};
/* End PBXContainerItemProxy section */

/* Begin PBXFileReference section */
		1710DE192B90D4B0007739D4 /* MechatronicsComponentsGuide.app */ = {isa = PBXFileReference; explicitFileType = wrapper.application; includeInIndex = 0; path = MechatronicsComponentsGuide.app; sourceTree = BUILT_PRODUCTS_DIR; };
		1710DE1C2B90D4B0007739D4 /* AppDelegate.swift */ = {isa = PBXFileReference; lastKnownFileType = sourcecode.swift; path = AppDelegate.swift; sourceTree = "<group>"; };
		1710DE1E2B90D4B0007739D4 /* SceneDelegate.swift */ = {isa = PBXFileReference; lastKnownFileType = sourcecode.swift; path = SceneDelegate.swift; sourceTree = "<group>"; };
		1710DE202B90D4B0007739D4 /* MainViewController.swift */ = {isa = PBXFileReference; lastKnownFileType = sourcecode.swift; path = MainViewController.swift; sourceTree = "<group>"; };
		1710DE252B90D4B1007739D4 /* Assets.xcassets */ = {isa = PBXFileReference; lastKnownFileType = folder.assetcatalog; path = Assets.xcassets; sourceTree = "<group>"; };
		1710DE282B90D4B1007739D4 /* Base */ = {isa = PBXFileReference; lastKnownFileType = file.storyboard; name = Base; path = Base.lproj/LaunchScreen.storyboard; sourceTree = "<group>"; };
		1710DE2A2B90D4B1007739D4 /* Info.plist */ = {isa = PBXFileReference; lastKnownFileType = text.plist.xml; path = Info.plist; sourceTree = "<group>"; };
		1710DE2F2B90D4B1007739D4 /* MechatronicsComponentsGuideTests.xctest */ = {isa = PBXFileReference; explicitFileType = wrapper.cfbundle; includeInIndex = 0; path = MechatronicsComponentsGuideTests.xctest; sourceTree = BUILT_PRODUCTS_DIR; };
		1710DE332B90D4B1007739D4 /* MechatronicsComponentsGuideTests.swift */ = {isa = PBXFileReference; lastKnownFileType = sourcecode.swift; path = MechatronicsComponentsGuideTests.swift; sourceTree = "<group>"; };
		1710DE392B90D4B1007739D4 /* MechatronicsComponentsGuideUITests.xctest */ = {isa = PBXFileReference; explicitFileType = wrapper.cfbundle; includeInIndex = 0; path = MechatronicsComponentsGuideUITests.xctest; sourceTree = BUILT_PRODUCTS_DIR; };
		1710DE3D2B90D4B1007739D4 /* MechatronicsComponentsGuideUITests.swift */ = {isa = PBXFileReference; lastKnownFileType = sourcecode.swift; path = MechatronicsComponentsGuideUITests.swift; sourceTree = "<group>"; };
		1710DE3F2B90D4B1007739D4 /* MechatronicsComponentsGuideUITestsLaunchTests.swift */ = {isa = PBXFileReference; lastKnownFileType = sourcecode.swift; path = MechatronicsComponentsGuideUITestsLaunchTests.swift; sourceTree = "<group>"; };
		1710DE512B90DBC9007739D4 /* MainView.swift */ = {isa = PBXFileReference; lastKnownFileType = sourcecode.swift; path = MainView.swift; sourceTree = "<group>"; };
		1710DE532B90EFCF007739D4 /* InfoViewController.swift */ = {isa = PBXFileReference; lastKnownFileType = sourcecode.swift; path = InfoViewController.swift; sourceTree = "<group>"; };
		1710DE572B90F3C8007739D4 /*  NetworkAlamofire.swift */ = {isa = PBXFileReference; lastKnownFileType = sourcecode.swift; path = " NetworkAlamofire.swift"; sourceTree = "<group>"; };
		1710DE5A2B90F3E3007739D4 /* NetworkErrors.swift */ = {isa = PBXFileReference; lastKnownFileType = sourcecode.swift; path = NetworkErrors.swift; sourceTree = "<group>"; };
		1710DE5C2B910BD7007739D4 /* NetworkImageService.swift */ = {isa = PBXFileReference; lastKnownFileType = sourcecode.swift; path = NetworkImageService.swift; sourceTree = "<group>"; };
		1710DE5E2B910EF5007739D4 /* InfoView.swift */ = {isa = PBXFileReference; lastKnownFileType = sourcecode.swift; path = InfoView.swift; sourceTree = "<group>"; };
		1710DE612B91235B007739D4 /* ReferencesViewController.swift */ = {isa = PBXFileReference; lastKnownFileType = sourcecode.swift; path = ReferencesViewController.swift; sourceTree = "<group>"; };
		1710DE632B912482007739D4 /* ReferencesView.swift */ = {isa = PBXFileReference; lastKnownFileType = sourcecode.swift; path = ReferencesView.swift; sourceTree = "<group>"; };
		1710DE672B91261A007739D4 /* DataForCells.swift */ = {isa = PBXFileReference; lastKnownFileType = sourcecode.swift; path = DataForCells.swift; sourceTree = "<group>"; };
		1710DE692B912718007739D4 /* CellConfig.swift */ = {isa = PBXFileReference; lastKnownFileType = sourcecode.swift; path = CellConfig.swift; sourceTree = "<group>"; };
		1710DE6B2B91AD9F007739D4 /* GeneralViewController.swift */ = {isa = PBXFileReference; lastKnownFileType = sourcecode.swift; path = GeneralViewController.swift; sourceTree = "<group>"; };
		1710DE6D2B91B940007739D4 /* GeneralView.swift */ = {isa = PBXFileReference; lastKnownFileType = sourcecode.swift; path = GeneralView.swift; sourceTree = "<group>"; };
		1710DE6F2B91C986007739D4 /* DataForCollection .swift */ = {isa = PBXFileReference; lastKnownFileType = sourcecode.swift; path = "DataForCollection .swift"; sourceTree = "<group>"; };
		1710DE722B91E82F007739D4 /* abosanova.ttf */ = {isa = PBXFileReference; lastKnownFileType = file; name = abosanova.ttf; path = ../../../../../../Downloads/a_BosaNova/abosanova.ttf; sourceTree = "<group>"; };
		1719A6852B92214900466821 /* ReferenceForVideo.swift */ = {isa = PBXFileReference; lastKnownFileType = sourcecode.swift; path = ReferenceForVideo.swift; sourceTree = "<group>"; };
		1719A6872B924C1200466821 /* CollectionCell.swift */ = {isa = PBXFileReference; lastKnownFileType = sourcecode.swift; path = CollectionCell.swift; sourceTree = "<group>"; };
		1719A68B2B9255CD00466821 /* ProjectsViewController.swift */ = {isa = PBXFileReference; lastKnownFileType = sourcecode.swift; path = ProjectsViewController.swift; sourceTree = "<group>"; };
		1719A68D2B9256F100466821 /* ProjectsView.swift */ = {isa = PBXFileReference; lastKnownFileType = sourcecode.swift; path = ProjectsView.swift; sourceTree = "<group>"; };
		1719A6922B9326D500466821 /* DataService.swift */ = {isa = PBXFileReference; lastKnownFileType = sourcecode.swift; path = DataService.swift; sourceTree = "<group>"; };
		1719A6962B932CF200466821 /* WeatherResult.swift */ = {isa = PBXFileReference; lastKnownFileType = sourcecode.swift; path = WeatherResult.swift; sourceTree = "<group>"; };
		1719A6982B93BC3100466821 /* data.json */ = {isa = PBXFileReference; lastKnownFileType = text.json; path = data.json; sourceTree = "<group>"; };
		1719A69A2B93BCBE00466821 /* TestsViewController.swift */ = {isa = PBXFileReference; lastKnownFileType = sourcecode.swift; path = TestsViewController.swift; sourceTree = "<group>"; };
		1719A69E2B93BD1100466821 /* TestsView.swift */ = {isa = PBXFileReference; lastKnownFileType = sourcecode.swift; path = TestsView.swift; sourceTree = "<group>"; };
		1719A6A02B93C1C100466821 /* JSONParcing.swift */ = {isa = PBXFileReference; lastKnownFileType = sourcecode.swift; path = JSONParcing.swift; sourceTree = "<group>"; };
		175DDCA52B94B14E003C3C0D /* Answers.swift */ = {isa = PBXFileReference; lastKnownFileType = sourcecode.swift; path = Answers.swift; sourceTree = "<group>"; };
/* End PBXFileReference section */

/* Begin PBXFrameworksBuildPhase section */
		1710DE162B90D4B0007739D4 /* Frameworks */ = {
			isa = PBXFrameworksBuildPhase;
			buildActionMask = 2147483647;
			files = (
				1719A6912B93140D00466821 /* Alamofire in Frameworks */,
			);
			runOnlyForDeploymentPostprocessing = 0;
		};
		1710DE2C2B90D4B1007739D4 /* Frameworks */ = {
			isa = PBXFrameworksBuildPhase;
			buildActionMask = 2147483647;
			files = (
			);
			runOnlyForDeploymentPostprocessing = 0;
		};
		1710DE362B90D4B1007739D4 /* Frameworks */ = {
			isa = PBXFrameworksBuildPhase;
			buildActionMask = 2147483647;
			files = (
			);
			runOnlyForDeploymentPostprocessing = 0;
		};
/* End PBXFrameworksBuildPhase section */

/* Begin PBXGroup section */
		1710DE102B90D4B0007739D4 = {
			isa = PBXGroup;
			children = (
				1710DE1B2B90D4B0007739D4 /* MechatronicsComponentsGuide */,
				1710DE322B90D4B1007739D4 /* MechatronicsComponentsGuideTests */,
				1710DE3C2B90D4B1007739D4 /* MechatronicsComponentsGuideUITests */,
				1710DE1A2B90D4B0007739D4 /* Products */,
			);
			sourceTree = "<group>";
		};
		1710DE1A2B90D4B0007739D4 /* Products */ = {
			isa = PBXGroup;
			children = (
				1710DE192B90D4B0007739D4 /* MechatronicsComponentsGuide.app */,
				1710DE2F2B90D4B1007739D4 /* MechatronicsComponentsGuideTests.xctest */,
				1710DE392B90D4B1007739D4 /* MechatronicsComponentsGuideUITests.xctest */,
			);
			name = Products;
			sourceTree = "<group>";
		};
		1710DE1B2B90D4B0007739D4 /* MechatronicsComponentsGuide */ = {
			isa = PBXGroup;
			children = (
				1719A69C2B93BCCB00466821 /* Resuorces */,
				1710DE552B90F3AE007739D4 /* Service */,
				1710DE502B90DB84007739D4 /* Settings */,
				1710DE4F2B90DB48007739D4 /* ApplicationConfigurations */,
				1710DE4E2B90DB3F007739D4 /* Models */,
				1710DE4D2B90DB38007739D4 /* Controllers */,
				1710DE4C2B90DB2C007739D4 /* Views */,
			);
			path = MechatronicsComponentsGuide;
			sourceTree = "<group>";
		};
		1710DE322B90D4B1007739D4 /* MechatronicsComponentsGuideTests */ = {
			isa = PBXGroup;
			children = (
				1710DE332B90D4B1007739D4 /* MechatronicsComponentsGuideTests.swift */,
			);
			path = MechatronicsComponentsGuideTests;
			sourceTree = "<group>";
		};
		1710DE3C2B90D4B1007739D4 /* MechatronicsComponentsGuideUITests */ = {
			isa = PBXGroup;
			children = (
				1710DE3D2B90D4B1007739D4 /* MechatronicsComponentsGuideUITests.swift */,
				1710DE3F2B90D4B1007739D4 /* MechatronicsComponentsGuideUITestsLaunchTests.swift */,
			);
			path = MechatronicsComponentsGuideUITests;
			sourceTree = "<group>";
		};
		1710DE4C2B90DB2C007739D4 /* Views */ = {
			isa = PBXGroup;
			children = (
				1710DE512B90DBC9007739D4 /* MainView.swift */,
				1710DE5E2B910EF5007739D4 /* InfoView.swift */,
				1710DE632B912482007739D4 /* ReferencesView.swift */,
				1710DE692B912718007739D4 /* CellConfig.swift */,
				1710DE6D2B91B940007739D4 /* GeneralView.swift */,
				1719A6872B924C1200466821 /* CollectionCell.swift */,
				1719A68D2B9256F100466821 /* ProjectsView.swift */,
				1719A69E2B93BD1100466821 /* TestsView.swift */,
			);
			path = Views;
			sourceTree = "<group>";
		};
		1710DE4D2B90DB38007739D4 /* Controllers */ = {
			isa = PBXGroup;
			children = (
				1710DE202B90D4B0007739D4 /* MainViewController.swift */,
				1710DE532B90EFCF007739D4 /* InfoViewController.swift */,
				1710DE612B91235B007739D4 /* ReferencesViewController.swift */,
				1710DE6B2B91AD9F007739D4 /* GeneralViewController.swift */,
				1719A68B2B9255CD00466821 /* ProjectsViewController.swift */,
				1719A69A2B93BCBE00466821 /* TestsViewController.swift */,
			);
			path = Controllers;
			sourceTree = "<group>";
		};
		1710DE4E2B90DB3F007739D4 /* Models */ = {
			isa = PBXGroup;
			children = (
				1710DE672B91261A007739D4 /* DataForCells.swift */,
				1710DE6F2B91C986007739D4 /* DataForCollection .swift */,
				1719A6852B92214900466821 /* ReferenceForVideo.swift */,
				175DDCA52B94B14E003C3C0D /* Answers.swift */,
			);
			path = Models;
			sourceTree = "<group>";
		};
		1710DE4F2B90DB48007739D4 /* ApplicationConfigurations */ = {
			isa = PBXGroup;
			children = (
				1710DE1E2B90D4B0007739D4 /* SceneDelegate.swift */,
				1710DE1C2B90D4B0007739D4 /* AppDelegate.swift */,
			);
			path = ApplicationConfigurations;
			sourceTree = "<group>";
		};
		1710DE502B90DB84007739D4 /* Settings */ = {
			isa = PBXGroup;
			children = (
				1710DE712B91E73B007739D4 /* Fonts */,
				1710DE2A2B90D4B1007739D4 /* Info.plist */,
				1710DE272B90D4B1007739D4 /* LaunchScreen.storyboard */,
				1710DE252B90D4B1007739D4 /* Assets.xcassets */,
			);
			path = Settings;
			sourceTree = "<group>";
		};
		1710DE552B90F3AE007739D4 /* Service */ = {
			isa = PBXGroup;
			children = (
				175DDCA42B944D3F003C3C0D /* Parcer */,
				1719A6952B932C3800466821 /* UserDefaultsService */,
				1710DE562B90F3B4007739D4 /* NetworkService */,
			);
			path = Service;
			sourceTree = "<group>";
		};
		1710DE562B90F3B4007739D4 /* NetworkService */ = {
			isa = PBXGroup;
			children = (
				1710DE572B90F3C8007739D4 /*  NetworkAlamofire.swift */,
				1710DE5A2B90F3E3007739D4 /* NetworkErrors.swift */,
				1710DE5C2B910BD7007739D4 /* NetworkImageService.swift */,
				1719A6962B932CF200466821 /* WeatherResult.swift */,
			);
			path = NetworkService;
			sourceTree = "<group>";
		};
		1710DE712B91E73B007739D4 /* Fonts */ = {
			isa = PBXGroup;
			children = (
				1710DE722B91E82F007739D4 /* abosanova.ttf */,
			);
			path = Fonts;
			sourceTree = "<group>";
		};
		1719A6952B932C3800466821 /* UserDefaultsService */ = {
			isa = PBXGroup;
			children = (
				1719A6922B9326D500466821 /* DataService.swift */,
			);
			path = UserDefaultsService;
			sourceTree = "<group>";
		};
		1719A69C2B93BCCB00466821 /* Resuorces */ = {
			isa = PBXGroup;
			children = (
				1719A6982B93BC3100466821 /* data.json */,
			);
			path = Resuorces;
			sourceTree = "<group>";
		};
		175DDCA42B944D3F003C3C0D /* Parcer */ = {
			isa = PBXGroup;
			children = (
				1719A6A02B93C1C100466821 /* JSONParcing.swift */,
			);
			path = Parcer;
			sourceTree = "<group>";
		};
/* End PBXGroup section */

/* Begin PBXNativeTarget section */
		1710DE182B90D4B0007739D4 /* MechatronicsComponentsGuide */ = {
			isa = PBXNativeTarget;
			buildConfigurationList = 1710DE432B90D4B1007739D4 /* Build configuration list for PBXNativeTarget "MechatronicsComponentsGuide" */;
			buildPhases = (
				1710DE152B90D4B0007739D4 /* Sources */,
				1710DE162B90D4B0007739D4 /* Frameworks */,
				1710DE172B90D4B0007739D4 /* Resources */,
			);
			buildRules = (
			);
			dependencies = (
			);
			name = MechatronicsComponentsGuide;
			packageProductDependencies = (
				1719A6902B93140D00466821 /* Alamofire */,
			);
			productName = MechatronicsComponentsGuide;
			productReference = 1710DE192B90D4B0007739D4 /* MechatronicsComponentsGuide.app */;
			productType = "com.apple.product-type.application";
		};
		1710DE2E2B90D4B1007739D4 /* MechatronicsComponentsGuideTests */ = {
			isa = PBXNativeTarget;
			buildConfigurationList = 1710DE462B90D4B1007739D4 /* Build configuration list for PBXNativeTarget "MechatronicsComponentsGuideTests" */;
			buildPhases = (
				1710DE2B2B90D4B1007739D4 /* Sources */,
				1710DE2C2B90D4B1007739D4 /* Frameworks */,
				1710DE2D2B90D4B1007739D4 /* Resources */,
			);
			buildRules = (
			);
			dependencies = (
				1710DE312B90D4B1007739D4 /* PBXTargetDependency */,
			);
			name = MechatronicsComponentsGuideTests;
			productName = MechatronicsComponentsGuideTests;
			productReference = 1710DE2F2B90D4B1007739D4 /* MechatronicsComponentsGuideTests.xctest */;
			productType = "com.apple.product-type.bundle.unit-test";
		};
		1710DE382B90D4B1007739D4 /* MechatronicsComponentsGuideUITests */ = {
			isa = PBXNativeTarget;
			buildConfigurationList = 1710DE492B90D4B1007739D4 /* Build configuration list for PBXNativeTarget "MechatronicsComponentsGuideUITests" */;
			buildPhases = (
				1710DE352B90D4B1007739D4 /* Sources */,
				1710DE362B90D4B1007739D4 /* Frameworks */,
				1710DE372B90D4B1007739D4 /* Resources */,
			);
			buildRules = (
			);
			dependencies = (
				1710DE3B2B90D4B1007739D4 /* PBXTargetDependency */,
			);
			name = MechatronicsComponentsGuideUITests;
			productName = MechatronicsComponentsGuideUITests;
			productReference = 1710DE392B90D4B1007739D4 /* MechatronicsComponentsGuideUITests.xctest */;
			productType = "com.apple.product-type.bundle.ui-testing";
		};
/* End PBXNativeTarget section */

/* Begin PBXProject section */
		1710DE112B90D4B0007739D4 /* Project object */ = {
			isa = PBXProject;
			attributes = {
				BuildIndependentTargetsInParallel = 1;
				KnownAssetTags = (
					New,
				);
				LastSwiftUpdateCheck = 1500;
				LastUpgradeCheck = 1500;
				TargetAttributes = {
					1710DE182B90D4B0007739D4 = {
						CreatedOnToolsVersion = 15.0;
					};
					1710DE2E2B90D4B1007739D4 = {
						CreatedOnToolsVersion = 15.0;
						TestTargetID = 1710DE182B90D4B0007739D4;
					};
					1710DE382B90D4B1007739D4 = {
						CreatedOnToolsVersion = 15.0;
						TestTargetID = 1710DE182B90D4B0007739D4;
					};
				};
			};
			buildConfigurationList = 1710DE142B90D4B0007739D4 /* Build configuration list for PBXProject "MechatronicsComponentsGuide" */;
			compatibilityVersion = "Xcode 14.0";
			developmentRegion = en;
			hasScannedForEncodings = 0;
			knownRegions = (
				en,
				Base,
			);
			mainGroup = 1710DE102B90D4B0007739D4;
			packageReferences = (
				1719A68F2B93140D00466821 /* XCRemoteSwiftPackageReference "Alamofire" */,
			);
			productRefGroup = 1710DE1A2B90D4B0007739D4 /* Products */;
			projectDirPath = "";
			projectRoot = "";
			targets = (
				1710DE182B90D4B0007739D4 /* MechatronicsComponentsGuide */,
				1710DE2E2B90D4B1007739D4 /* MechatronicsComponentsGuideTests */,
				1710DE382B90D4B1007739D4 /* MechatronicsComponentsGuideUITests */,
			);
		};
/* End PBXProject section */

/* Begin PBXResourcesBuildPhase section */
		1710DE172B90D4B0007739D4 /* Resources */ = {
			isa = PBXResourcesBuildPhase;
			buildActionMask = 2147483647;
			files = (
				1710DE292B90D4B1007739D4 /* LaunchScreen.storyboard in Resources */,
				1710DE732B91E82F007739D4 /* abosanova.ttf in Resources */,
				1710DE262B90D4B1007739D4 /* Assets.xcassets in Resources */,
				1719A6992B93BC3100466821 /* data.json in Resources */,
			);
			runOnlyForDeploymentPostprocessing = 0;
		};
		1710DE2D2B90D4B1007739D4 /* Resources */ = {
			isa = PBXResourcesBuildPhase;
			buildActionMask = 2147483647;
			files = (
			);
			runOnlyForDeploymentPostprocessing = 0;
		};
		1710DE372B90D4B1007739D4 /* Resources */ = {
			isa = PBXResourcesBuildPhase;
			buildActionMask = 2147483647;
			files = (
			);
			runOnlyForDeploymentPostprocessing = 0;
		};
/* End PBXResourcesBuildPhase section */

/* Begin PBXSourcesBuildPhase section */
		1710DE152B90D4B0007739D4 /* Sources */ = {
			isa = PBXSourcesBuildPhase;
			buildActionMask = 2147483647;
			files = (
				1710DE702B91C986007739D4 /* DataForCollection .swift in Sources */,
				175DDCA62B94B14E003C3C0D /* Answers.swift in Sources */,
				1719A68C2B9255CD00466821 /* ProjectsViewController.swift in Sources */,
				1719A6A12B93C1C100466821 /* JSONParcing.swift in Sources */,
				1710DE212B90D4B0007739D4 /* MainViewController.swift in Sources */,
				1719A69B2B93BCBE00466821 /* TestsViewController.swift in Sources */,
				1719A6882B924C1200466821 /* CollectionCell.swift in Sources */,
				1710DE6C2B91AD9F007739D4 /* GeneralViewController.swift in Sources */,
				1710DE522B90DBC9007739D4 /* MainView.swift in Sources */,
				1710DE6E2B91B940007739D4 /* GeneralView.swift in Sources */,
				1710DE5D2B910BD7007739D4 /* NetworkImageService.swift in Sources */,
				1710DE1D2B90D4B0007739D4 /* AppDelegate.swift in Sources */,
				1710DE682B91261A007739D4 /* DataForCells.swift in Sources */,
				1719A68E2B9256F100466821 /* ProjectsView.swift in Sources */,
				1719A6862B92214900466821 /* ReferenceForVideo.swift in Sources */,
				1710DE5B2B90F3E3007739D4 /* NetworkErrors.swift in Sources */,
				1710DE1F2B90D4B0007739D4 /* SceneDelegate.swift in Sources */,
				1710DE622B91235B007739D4 /* ReferencesViewController.swift in Sources */,
				1719A69F2B93BD1100466821 /* TestsView.swift in Sources */,
				1719A6932B9326D500466821 /* DataService.swift in Sources */,
				1710DE582B90F3C8007739D4 /*  NetworkAlamofire.swift in Sources */,
				1710DE5F2B910EF5007739D4 /* InfoView.swift in Sources */,
				1710DE642B912482007739D4 /* ReferencesView.swift in Sources */,
				1719A6972B932CF200466821 /* WeatherResult.swift in Sources */,
				1710DE542B90EFCF007739D4 /* InfoViewController.swift in Sources */,
				1710DE6A2B912718007739D4 /* CellConfig.swift in Sources */,
			);
			runOnlyForDeploymentPostprocessing = 0;
		};
		1710DE2B2B90D4B1007739D4 /* Sources */ = {
			isa = PBXSourcesBuildPhase;
			buildActionMask = 2147483647;
			files = (
				1710DE342B90D4B1007739D4 /* MechatronicsComponentsGuideTests.swift in Sources */,
			);
			runOnlyForDeploymentPostprocessing = 0;
		};
		1710DE352B90D4B1007739D4 /* Sources */ = {
			isa = PBXSourcesBuildPhase;
			buildActionMask = 2147483647;
			files = (
				1710DE3E2B90D4B1007739D4 /* MechatronicsComponentsGuideUITests.swift in Sources */,
				1710DE402B90D4B1007739D4 /* MechatronicsComponentsGuideUITestsLaunchTests.swift in Sources */,
			);
			runOnlyForDeploymentPostprocessing = 0;
		};
/* End PBXSourcesBuildPhase section */

/* Begin PBXTargetDependency section */
		1710DE312B90D4B1007739D4 /* PBXTargetDependency */ = {
			isa = PBXTargetDependency;
			target = 1710DE182B90D4B0007739D4 /* MechatronicsComponentsGuide */;
			targetProxy = 1710DE302B90D4B1007739D4 /* PBXContainerItemProxy */;
		};
		1710DE3B2B90D4B1007739D4 /* PBXTargetDependency */ = {
			isa = PBXTargetDependency;
			target = 1710DE182B90D4B0007739D4 /* MechatronicsComponentsGuide */;
			targetProxy = 1710DE3A2B90D4B1007739D4 /* PBXContainerItemProxy */;
		};
/* End PBXTargetDependency section */

/* Begin PBXVariantGroup section */
		1710DE272B90D4B1007739D4 /* LaunchScreen.storyboard */ = {
			isa = PBXVariantGroup;
			children = (
				1710DE282B90D4B1007739D4 /* Base */,
			);
			name = LaunchScreen.storyboard;
			sourceTree = "<group>";
		};
/* End PBXVariantGroup section */

/* Begin XCBuildConfiguration section */
		1710DE412B90D4B1007739D4 /* Debug */ = {
			isa = XCBuildConfiguration;
			buildSettings = {
				ALWAYS_SEARCH_USER_PATHS = NO;
				ASSETCATALOG_COMPILER_GENERATE_SWIFT_ASSET_SYMBOL_EXTENSIONS = YES;
				CLANG_ANALYZER_NONNULL = YES;
				CLANG_ANALYZER_NUMBER_OBJECT_CONVERSION = YES_AGGRESSIVE;
				CLANG_CXX_LANGUAGE_STANDARD = "gnu++20";
				CLANG_ENABLE_MODULES = YES;
				CLANG_ENABLE_OBJC_ARC = YES;
				CLANG_ENABLE_OBJC_WEAK = YES;
				CLANG_WARN_BLOCK_CAPTURE_AUTORELEASING = YES;
				CLANG_WARN_BOOL_CONVERSION = YES;
				CLANG_WARN_COMMA = YES;
				CLANG_WARN_CONSTANT_CONVERSION = YES;
				CLANG_WARN_DEPRECATED_OBJC_IMPLEMENTATIONS = YES;
				CLANG_WARN_DIRECT_OBJC_ISA_USAGE = YES_ERROR;
				CLANG_WARN_DOCUMENTATION_COMMENTS = YES;
				CLANG_WARN_EMPTY_BODY = YES;
				CLANG_WARN_ENUM_CONVERSION = YES;
				CLANG_WARN_INFINITE_RECURSION = YES;
				CLANG_WARN_INT_CONVERSION = YES;
				CLANG_WARN_NON_LITERAL_NULL_CONVERSION = YES;
				CLANG_WARN_OBJC_IMPLICIT_RETAIN_SELF = YES;
				CLANG_WARN_OBJC_LITERAL_CONVERSION = YES;
				CLANG_WARN_OBJC_ROOT_CLASS = YES_ERROR;
				CLANG_WARN_QUOTED_INCLUDE_IN_FRAMEWORK_HEADER = YES;
				CLANG_WARN_RANGE_LOOP_ANALYSIS = YES;
				CLANG_WARN_STRICT_PROTOTYPES = YES;
				CLANG_WARN_SUSPICIOUS_MOVE = YES;
				CLANG_WARN_UNGUARDED_AVAILABILITY = YES_AGGRESSIVE;
				CLANG_WARN_UNREACHABLE_CODE = YES;
				CLANG_WARN__DUPLICATE_METHOD_MATCH = YES;
				COPY_PHASE_STRIP = NO;
				DEBUG_INFORMATION_FORMAT = dwarf;
				ENABLE_STRICT_OBJC_MSGSEND = YES;
				ENABLE_TESTABILITY = YES;
				ENABLE_USER_SCRIPT_SANDBOXING = YES;
				GCC_C_LANGUAGE_STANDARD = gnu17;
				GCC_DYNAMIC_NO_PIC = NO;
				GCC_NO_COMMON_BLOCKS = YES;
				GCC_OPTIMIZATION_LEVEL = 0;
				GCC_PREPROCESSOR_DEFINITIONS = (
					"DEBUG=1",
					"$(inherited)",
				);
				GCC_WARN_64_TO_32_BIT_CONVERSION = YES;
				GCC_WARN_ABOUT_RETURN_TYPE = YES_ERROR;
				GCC_WARN_UNDECLARED_SELECTOR = YES;
				GCC_WARN_UNINITIALIZED_AUTOS = YES_AGGRESSIVE;
				GCC_WARN_UNUSED_FUNCTION = YES;
				GCC_WARN_UNUSED_VARIABLE = YES;
				IPHONEOS_DEPLOYMENT_TARGET = 17.0;
				LOCALIZATION_PREFERS_STRING_CATALOGS = YES;
				MTL_ENABLE_DEBUG_INFO = INCLUDE_SOURCE;
				MTL_FAST_MATH = YES;
				ONLY_ACTIVE_ARCH = YES;
				SDKROOT = iphoneos;
				SWIFT_ACTIVE_COMPILATION_CONDITIONS = "DEBUG $(inherited)";
				SWIFT_OPTIMIZATION_LEVEL = "-Onone";
			};
			name = Debug;
		};
		1710DE422B90D4B1007739D4 /* Release */ = {
			isa = XCBuildConfiguration;
			buildSettings = {
				ALWAYS_SEARCH_USER_PATHS = NO;
				ASSETCATALOG_COMPILER_GENERATE_SWIFT_ASSET_SYMBOL_EXTENSIONS = YES;
				CLANG_ANALYZER_NONNULL = YES;
				CLANG_ANALYZER_NUMBER_OBJECT_CONVERSION = YES_AGGRESSIVE;
				CLANG_CXX_LANGUAGE_STANDARD = "gnu++20";
				CLANG_ENABLE_MODULES = YES;
				CLANG_ENABLE_OBJC_ARC = YES;
				CLANG_ENABLE_OBJC_WEAK = YES;
				CLANG_WARN_BLOCK_CAPTURE_AUTORELEASING = YES;
				CLANG_WARN_BOOL_CONVERSION = YES;
				CLANG_WARN_COMMA = YES;
				CLANG_WARN_CONSTANT_CONVERSION = YES;
				CLANG_WARN_DEPRECATED_OBJC_IMPLEMENTATIONS = YES;
				CLANG_WARN_DIRECT_OBJC_ISA_USAGE = YES_ERROR;
				CLANG_WARN_DOCUMENTATION_COMMENTS = YES;
				CLANG_WARN_EMPTY_BODY = YES;
				CLANG_WARN_ENUM_CONVERSION = YES;
				CLANG_WARN_INFINITE_RECURSION = YES;
				CLANG_WARN_INT_CONVERSION = YES;
				CLANG_WARN_NON_LITERAL_NULL_CONVERSION = YES;
				CLANG_WARN_OBJC_IMPLICIT_RETAIN_SELF = YES;
				CLANG_WARN_OBJC_LITERAL_CONVERSION = YES;
				CLANG_WARN_OBJC_ROOT_CLASS = YES_ERROR;
				CLANG_WARN_QUOTED_INCLUDE_IN_FRAMEWORK_HEADER = YES;
				CLANG_WARN_RANGE_LOOP_ANALYSIS = YES;
				CLANG_WARN_STRICT_PROTOTYPES = YES;
				CLANG_WARN_SUSPICIOUS_MOVE = YES;
				CLANG_WARN_UNGUARDED_AVAILABILITY = YES_AGGRESSIVE;
				CLANG_WARN_UNREACHABLE_CODE = YES;
				CLANG_WARN__DUPLICATE_METHOD_MATCH = YES;
				COPY_PHASE_STRIP = NO;
				DEBUG_INFORMATION_FORMAT = "dwarf-with-dsym";
				ENABLE_NS_ASSERTIONS = NO;
				ENABLE_STRICT_OBJC_MSGSEND = YES;
				ENABLE_USER_SCRIPT_SANDBOXING = YES;
				GCC_C_LANGUAGE_STANDARD = gnu17;
				GCC_NO_COMMON_BLOCKS = YES;
				GCC_WARN_64_TO_32_BIT_CONVERSION = YES;
				GCC_WARN_ABOUT_RETURN_TYPE = YES_ERROR;
				GCC_WARN_UNDECLARED_SELECTOR = YES;
				GCC_WARN_UNINITIALIZED_AUTOS = YES_AGGRESSIVE;
				GCC_WARN_UNUSED_FUNCTION = YES;
				GCC_WARN_UNUSED_VARIABLE = YES;
				IPHONEOS_DEPLOYMENT_TARGET = 17.0;
				LOCALIZATION_PREFERS_STRING_CATALOGS = YES;
				MTL_ENABLE_DEBUG_INFO = NO;
				MTL_FAST_MATH = YES;
				SDKROOT = iphoneos;
				SWIFT_COMPILATION_MODE = wholemodule;
				VALIDATE_PRODUCT = YES;
			};
			name = Release;
		};
		1710DE442B90D4B1007739D4 /* Debug */ = {
			isa = XCBuildConfiguration;
			buildSettings = {
				ASSETCATALOG_COMPILER_APPICON_NAME = AppIcon;
				ASSETCATALOG_COMPILER_GLOBAL_ACCENT_COLOR_NAME = AccentColor;
				CODE_SIGN_STYLE = Automatic;
				CURRENT_PROJECT_VERSION = 1;
				DEVELOPMENT_TEAM = Z96X7GW9YS;
				GENERATE_INFOPLIST_FILE = YES;
				INFOPLIST_FILE = MechatronicsComponentsGuide/Settings/Info.plist;
				INFOPLIST_KEY_UIApplicationSupportsIndirectInputEvents = YES;
				INFOPLIST_KEY_UILaunchStoryboardName = LaunchScreen;
				INFOPLIST_KEY_UISupportedInterfaceOrientations_iPad = "UIInterfaceOrientationPortrait UIInterfaceOrientationPortraitUpsideDown UIInterfaceOrientationLandscapeLeft UIInterfaceOrientationLandscapeRight";
				INFOPLIST_KEY_UISupportedInterfaceOrientations_iPhone = "UIInterfaceOrientationPortrait UIInterfaceOrientationLandscapeLeft UIInterfaceOrientationLandscapeRight";
				LD_RUNPATH_SEARCH_PATHS = (
					"$(inherited)",
					"@executable_path/Frameworks",
				);
				MARKETING_VERSION = 1.0;
				PRODUCT_BUNDLE_IDENTIFIER = Andrey.MechatronicsComponentsGuide;
				PRODUCT_NAME = "$(TARGET_NAME)";
				SWIFT_EMIT_LOC_STRINGS = YES;
				SWIFT_VERSION = 5.0;
				TARGETED_DEVICE_FAMILY = "1,2";
			};
			name = Debug;
		};
		1710DE452B90D4B1007739D4 /* Release */ = {
			isa = XCBuildConfiguration;
			buildSettings = {
				ASSETCATALOG_COMPILER_APPICON_NAME = AppIcon;
				ASSETCATALOG_COMPILER_GLOBAL_ACCENT_COLOR_NAME = AccentColor;
				CODE_SIGN_STYLE = Automatic;
				CURRENT_PROJECT_VERSION = 1;
				DEVELOPMENT_TEAM = Z96X7GW9YS;
				GENERATE_INFOPLIST_FILE = YES;
				INFOPLIST_FILE = MechatronicsComponentsGuide/Settings/Info.plist;
				INFOPLIST_KEY_UIApplicationSupportsIndirectInputEvents = YES;
				INFOPLIST_KEY_UILaunchStoryboardName = LaunchScreen;
				INFOPLIST_KEY_UISupportedInterfaceOrientations_iPad = "UIInterfaceOrientationPortrait UIInterfaceOrientationPortraitUpsideDown UIInterfaceOrientationLandscapeLeft UIInterfaceOrientationLandscapeRight";
				INFOPLIST_KEY_UISupportedInterfaceOrientations_iPhone = "UIInterfaceOrientationPortrait UIInterfaceOrientationLandscapeLeft UIInterfaceOrientationLandscapeRight";
				LD_RUNPATH_SEARCH_PATHS = (
					"$(inherited)",
					"@executable_path/Frameworks",
				);
				MARKETING_VERSION = 1.0;
				PRODUCT_BUNDLE_IDENTIFIER = Andrey.MechatronicsComponentsGuide;
				PRODUCT_NAME = "$(TARGET_NAME)";
				SWIFT_EMIT_LOC_STRINGS = YES;
				SWIFT_VERSION = 5.0;
				TARGETED_DEVICE_FAMILY = "1,2";
			};
			name = Release;
		};
		1710DE472B90D4B1007739D4 /* Debug */ = {
			isa = XCBuildConfiguration;
			buildSettings = {
				ALWAYS_EMBED_SWIFT_STANDARD_LIBRARIES = YES;
				BUNDLE_LOADER = "$(TEST_HOST)";
				CODE_SIGN_STYLE = Automatic;
				CURRENT_PROJECT_VERSION = 1;
				DEVELOPMENT_TEAM = Z96X7GW9YS;
				GENERATE_INFOPLIST_FILE = YES;
				IPHONEOS_DEPLOYMENT_TARGET = 17.0;
				MARKETING_VERSION = 1.0;
				PRODUCT_BUNDLE_IDENTIFIER = Andrey.MechatronicsComponentsGuideTests;
				PRODUCT_NAME = "$(TARGET_NAME)";
				SWIFT_EMIT_LOC_STRINGS = NO;
				SWIFT_VERSION = 5.0;
				TARGETED_DEVICE_FAMILY = "1,2";
				TEST_HOST = "$(BUILT_PRODUCTS_DIR)/MechatronicsComponentsGuide.app/$(BUNDLE_EXECUTABLE_FOLDER_PATH)/MechatronicsComponentsGuide";
			};
			name = Debug;
		};
		1710DE482B90D4B1007739D4 /* Release */ = {
			isa = XCBuildConfiguration;
			buildSettings = {
				ALWAYS_EMBED_SWIFT_STANDARD_LIBRARIES = YES;
				BUNDLE_LOADER = "$(TEST_HOST)";
				CODE_SIGN_STYLE = Automatic;
				CURRENT_PROJECT_VERSION = 1;
				DEVELOPMENT_TEAM = Z96X7GW9YS;
				GENERATE_INFOPLIST_FILE = YES;
				IPHONEOS_DEPLOYMENT_TARGET = 17.0;
				MARKETING_VERSION = 1.0;
				PRODUCT_BUNDLE_IDENTIFIER = Andrey.MechatronicsComponentsGuideTests;
				PRODUCT_NAME = "$(TARGET_NAME)";
				SWIFT_EMIT_LOC_STRINGS = NO;
				SWIFT_VERSION = 5.0;
				TARGETED_DEVICE_FAMILY = "1,2";
				TEST_HOST = "$(BUILT_PRODUCTS_DIR)/MechatronicsComponentsGuide.app/$(BUNDLE_EXECUTABLE_FOLDER_PATH)/MechatronicsComponentsGuide";
			};
			name = Release;
		};
		1710DE4A2B90D4B1007739D4 /* Debug */ = {
			isa = XCBuildConfiguration;
			buildSettings = {
				ALWAYS_EMBED_SWIFT_STANDARD_LIBRARIES = YES;
				CODE_SIGN_STYLE = Automatic;
				CURRENT_PROJECT_VERSION = 1;
				DEVELOPMENT_TEAM = Z96X7GW9YS;
				GENERATE_INFOPLIST_FILE = YES;
				MARKETING_VERSION = 1.0;
				PRODUCT_BUNDLE_IDENTIFIER = Andrey.MechatronicsComponentsGuideUITests;
				PRODUCT_NAME = "$(TARGET_NAME)";
				SWIFT_EMIT_LOC_STRINGS = NO;
				SWIFT_VERSION = 5.0;
				TARGETED_DEVICE_FAMILY = "1,2";
				TEST_TARGET_NAME = MechatronicsComponentsGuide;
			};
			name = Debug;
		};
		1710DE4B2B90D4B1007739D4 /* Release */ = {
			isa = XCBuildConfiguration;
			buildSettings = {
				ALWAYS_EMBED_SWIFT_STANDARD_LIBRARIES = YES;
				CODE_SIGN_STYLE = Automatic;
				CURRENT_PROJECT_VERSION = 1;
				DEVELOPMENT_TEAM = Z96X7GW9YS;
				GENERATE_INFOPLIST_FILE = YES;
				MARKETING_VERSION = 1.0;
				PRODUCT_BUNDLE_IDENTIFIER = Andrey.MechatronicsComponentsGuideUITests;
				PRODUCT_NAME = "$(TARGET_NAME)";
				SWIFT_EMIT_LOC_STRINGS = NO;
				SWIFT_VERSION = 5.0;
				TARGETED_DEVICE_FAMILY = "1,2";
				TEST_TARGET_NAME = MechatronicsComponentsGuide;
			};
			name = Release;
		};
/* End XCBuildConfiguration section */

/* Begin XCConfigurationList section */
		1710DE142B90D4B0007739D4 /* Build configuration list for PBXProject "MechatronicsComponentsGuide" */ = {
			isa = XCConfigurationList;
			buildConfigurations = (
				1710DE412B90D4B1007739D4 /* Debug */,
				1710DE422B90D4B1007739D4 /* Release */,
			);
			defaultConfigurationIsVisible = 0;
			defaultConfigurationName = Release;
		};
		1710DE432B90D4B1007739D4 /* Build configuration list for PBXNativeTarget "MechatronicsComponentsGuide" */ = {
			isa = XCConfigurationList;
			buildConfigurations = (
				1710DE442B90D4B1007739D4 /* Debug */,
				1710DE452B90D4B1007739D4 /* Release */,
			);
			defaultConfigurationIsVisible = 0;
			defaultConfigurationName = Release;
		};
		1710DE462B90D4B1007739D4 /* Build configuration list for PBXNativeTarget "MechatronicsComponentsGuideTests" */ = {
			isa = XCConfigurationList;
			buildConfigurations = (
				1710DE472B90D4B1007739D4 /* Debug */,
				1710DE482B90D4B1007739D4 /* Release */,
			);
			defaultConfigurationIsVisible = 0;
			defaultConfigurationName = Release;
		};
		1710DE492B90D4B1007739D4 /* Build configuration list for PBXNativeTarget "MechatronicsComponentsGuideUITests" */ = {
			isa = XCConfigurationList;
			buildConfigurations = (
				1710DE4A2B90D4B1007739D4 /* Debug */,
				1710DE4B2B90D4B1007739D4 /* Release */,
			);
			defaultConfigurationIsVisible = 0;
			defaultConfigurationName = Release;
		};
/* End XCConfigurationList section */

/* Begin XCRemoteSwiftPackageReference section */
		1719A68F2B93140D00466821 /* XCRemoteSwiftPackageReference "Alamofire" */ = {
			isa = XCRemoteSwiftPackageReference;
			repositoryURL = "https://github.com/Alamofire/Alamofire.git";
			requirement = {
				kind = upToNextMajorVersion;
				minimumVersion = 5.8.1;
			};
		};
/* End XCRemoteSwiftPackageReference section */

/* Begin XCSwiftPackageProductDependency section */
		1719A6902B93140D00466821 /* Alamofire */ = {
			isa = XCSwiftPackageProductDependency;
			package = 1719A68F2B93140D00466821 /* XCRemoteSwiftPackageReference "Alamofire" */;
			productName = Alamofire;
		};
/* End XCSwiftPackageProductDependency section */
	};
	rootObject = 1710DE112B90D4B0007739D4 /* Project object */;
}
